// !$*UTF8*$!
{
	archiveVersion = 1;
	classes = {
	};
	objectVersion = 46;
	objects = {

/* Begin PBXBuildFile section */
		DB75F85F1C4D215B00B7ACA8 /* AppDelegate.swift in Sources */ = {isa = PBXBuildFile; fileRef = DB75F85E1C4D215B00B7ACA8 /* AppDelegate.swift */; };
		DB75F8611C4D215B00B7ACA8 /* ViewController.swift in Sources */ = {isa = PBXBuildFile; fileRef = DB75F8601C4D215B00B7ACA8 /* ViewController.swift */; };
		DB75F8641C4D215B00B7ACA8 /* Main.storyboard in Resources */ = {isa = PBXBuildFile; fileRef = DB75F8621C4D215B00B7ACA8 /* Main.storyboard */; };
		DB75F8661C4D215B00B7ACA8 /* Assets.xcassets in Resources */ = {isa = PBXBuildFile; fileRef = DB75F8651C4D215B00B7ACA8 /* Assets.xcassets */; };
		DB75F8691C4D215B00B7ACA8 /* LaunchScreen.storyboard in Resources */ = {isa = PBXBuildFile; fileRef = DB75F8671C4D215B00B7ACA8 /* LaunchScreen.storyboard */; };
		DB75F8741C4D215B00B7ACA8 /* hello_iosTests.swift in Sources */ = {isa = PBXBuildFile; fileRef = DB75F8731C4D215B00B7ACA8 /* hello_iosTests.swift */; };
		DB75F87F1C4D215B00B7ACA8 /* hello_iosUITests.swift in Sources */ = {isa = PBXBuildFile; fileRef = DB75F87E1C4D215B00B7ACA8 /* hello_iosUITests.swift */; };
/* End PBXBuildFile section */

/* Begin PBXContainerItemProxy section */
		DB75F8701C4D215B00B7ACA8 /* PBXContainerItemProxy */ = {
			isa = PBXContainerItemProxy;
			containerPortal = DB75F8531C4D215B00B7ACA8 /* Project object */;
			proxyType = 1;
			remoteGlobalIDString = DB75F85A1C4D215B00B7ACA8;
			remoteInfo = "hello-ios";
		};
		DB75F87B1C4D215B00B7ACA8 /* PBXContainerItemProxy */ = {
			isa = PBXContainerItemProxy;
			containerPortal = DB75F8531C4D215B00B7ACA8 /* Project object */;
			proxyType = 1;
			remoteGlobalIDString = DB75F85A1C4D215B00B7ACA8;
			remoteInfo = "hello-ios";
		};
/* End PBXContainerItemProxy section */

/* Begin PBXFileReference section */
		DB75F85B1C4D215B00B7ACA8 /* hello-ios.app */ = {isa = PBXFileReference; explicitFileType = wrapper.application; includeInIndex = 0; path = "hello-ios.app"; sourceTree = BUILT_PRODUCTS_DIR; };
		DB75F85E1C4D215B00B7ACA8 /* AppDelegate.swift */ = {isa = PBXFileReference; lastKnownFileType = sourcecode.swift; path = AppDelegate.swift; sourceTree = "<group>"; };
		DB75F8601C4D215B00B7ACA8 /* ViewController.swift */ = {isa = PBXFileReference; lastKnownFileType = sourcecode.swift; path = ViewController.swift; sourceTree = "<group>"; };
		DB75F8631C4D215B00B7ACA8 /* Base */ = {isa = PBXFileReference; lastKnownFileType = file.storyboard; name = Base; path = Base.lproj/Main.storyboard; sourceTree = "<group>"; };
		DB75F8651C4D215B00B7ACA8 /* Assets.xcassets */ = {isa = PBXFileReference; lastKnownFileType = folder.assetcatalog; path = Assets.xcassets; sourceTree = "<group>"; };
		DB75F8681C4D215B00B7ACA8 /* Base */ = {isa = PBXFileReference; lastKnownFileType = file.storyboard; name = Base; path = Base.lproj/LaunchScreen.storyboard; sourceTree = "<group>"; };
		DB75F86A1C4D215B00B7ACA8 /* Info.plist */ = {isa = PBXFileReference; lastKnownFileType = text.plist.xml; path = Info.plist; sourceTree = "<group>"; };
		DB75F86F1C4D215B00B7ACA8 /* hello-iosTests.xctest */ = {isa = PBXFileReference; explicitFileType = wrapper.cfbundle; includeInIndex = 0; path = "hello-iosTests.xctest"; sourceTree = BUILT_PRODUCTS_DIR; };
		DB75F8731C4D215B00B7ACA8 /* hello_iosTests.swift */ = {isa = PBXFileReference; lastKnownFileType = sourcecode.swift; path = hello_iosTests.swift; sourceTree = "<group>"; };
		DB75F8751C4D215B00B7ACA8 /* Info.plist */ = {isa = PBXFileReference; lastKnownFileType = text.plist.xml; path = Info.plist; sourceTree = "<group>"; };
		DB75F87A1C4D215B00B7ACA8 /* hello-iosUITests.xctest */ = {isa = PBXFileReference; explicitFileType = wrapper.cfbundle; includeInIndex = 0; path = "hello-iosUITests.xctest"; sourceTree = BUILT_PRODUCTS_DIR; };
		DB75F87E1C4D215B00B7ACA8 /* hello_iosUITests.swift */ = {isa = PBXFileReference; lastKnownFileType = sourcecode.swift; path = hello_iosUITests.swift; sourceTree = "<group>"; };
		DB75F8801C4D215B00B7ACA8 /* Info.plist */ = {isa = PBXFileReference; lastKnownFileType = text.plist.xml; path = Info.plist; sourceTree = "<group>"; };
/* End PBXFileReference section */

/* Begin PBXFrameworksBuildPhase section */
		DB75F8581C4D215B00B7ACA8 /* Frameworks */ = {
			isa = PBXFrameworksBuildPhase;
			buildActionMask = 2147483647;
			files = (
			);
			runOnlyForDeploymentPostprocessing = 0;
		};
		DB75F86C1C4D215B00B7ACA8 /* Frameworks */ = {
			isa = PBXFrameworksBuildPhase;
			buildActionMask = 2147483647;
			files = (
			);
			runOnlyForDeploymentPostprocessing = 0;
		};
		DB75F8771C4D215B00B7ACA8 /* Frameworks */ = {
			isa = PBXFrameworksBuildPhase;
			buildActionMask = 2147483647;
			files = (
			);
			runOnlyForDeploymentPostprocessing = 0;
		};
/* End PBXFrameworksBuildPhase section */

/* Begin PBXGroup section */
		DB75F8521C4D215B00B7ACA8 = {
			isa = PBXGroup;
			children = (
				DB75F85D1C4D215B00B7ACA8 /* hello-ios */,
				DB75F8721C4D215B00B7ACA8 /* hello-iosTests */,
				DB75F87D1C4D215B00B7ACA8 /* hello-iosUITests */,
				DB75F85C1C4D215B00B7ACA8 /* Products */,
			);
			sourceTree = "<group>";
		};
		DB75F85C1C4D215B00B7ACA8 /* Products */ = {
			isa = PBXGroup;
			children = (
				DB75F85B1C4D215B00B7ACA8 /* hello-ios.app */,
				DB75F86F1C4D215B00B7ACA8 /* hello-iosTests.xctest */,
				DB75F87A1C4D215B00B7ACA8 /* hello-iosUITests.xctest */,
			);
			name = Products;
			sourceTree = "<group>";
		};
		DB75F85D1C4D215B00B7ACA8 /* hello-ios */ = {
			isa = PBXGroup;
			children = (
				DB75F85E1C4D215B00B7ACA8 /* AppDelegate.swift */,
				DB75F8601C4D215B00B7ACA8 /* ViewController.swift */,
				DB75F8621C4D215B00B7ACA8 /* Main.storyboard */,
				DB75F8651C4D215B00B7ACA8 /* Assets.xcassets */,
				DB75F8671C4D215B00B7ACA8 /* LaunchScreen.storyboard */,
				DB75F86A1C4D215B00B7ACA8 /* Info.plist */,
			);
			path = "hello-ios";
			sourceTree = "<group>";
		};
		DB75F8721C4D215B00B7ACA8 /* hello-iosTests */ = {
			isa = PBXGroup;
			children = (
				DB75F8731C4D215B00B7ACA8 /* hello_iosTests.swift */,
				DB75F8751C4D215B00B7ACA8 /* Info.plist */,
			);
			path = "hello-iosTests";
			sourceTree = "<group>";
		};
		DB75F87D1C4D215B00B7ACA8 /* hello-iosUITests */ = {
			isa = PBXGroup;
			children = (
				DB75F87E1C4D215B00B7ACA8 /* hello_iosUITests.swift */,
				DB75F8801C4D215B00B7ACA8 /* Info.plist */,
			);
			path = "hello-iosUITests";
			sourceTree = "<group>";
		};
/* End PBXGroup section */

/* Begin PBXNativeTarget section */
		DB75F85A1C4D215B00B7ACA8 /* hello-ios */ = {
			isa = PBXNativeTarget;
			buildConfigurationList = DB75F8831C4D215B00B7ACA8 /* Build configuration list for PBXNativeTarget "hello-ios" */;
			buildPhases = (
				DB75F8571C4D215B00B7ACA8 /* Sources */,
				DB75F8581C4D215B00B7ACA8 /* Frameworks */,
				DB75F8591C4D215B00B7ACA8 /* Resources */,
			);
			buildRules = (
			);
			dependencies = (
			);
			name = "hello-ios";
			productName = "hello-ios";
			productReference = DB75F85B1C4D215B00B7ACA8 /* hello-ios.app */;
			productType = "com.apple.product-type.application";
		};
		DB75F86E1C4D215B00B7ACA8 /* hello-iosTests */ = {
			isa = PBXNativeTarget;
			buildConfigurationList = DB75F8861C4D215B00B7ACA8 /* Build configuration list for PBXNativeTarget "hello-iosTests" */;
			buildPhases = (
				DB75F86B1C4D215B00B7ACA8 /* Sources */,
				DB75F86C1C4D215B00B7ACA8 /* Frameworks */,
				DB75F86D1C4D215B00B7ACA8 /* Resources */,
			);
			buildRules = (
			);
			dependencies = (
				DB75F8711C4D215B00B7ACA8 /* PBXTargetDependency */,
			);
			name = "hello-iosTests";
			productName = "hello-iosTests";
			productReference = DB75F86F1C4D215B00B7ACA8 /* hello-iosTests.xctest */;
			productType = "com.apple.product-type.bundle.unit-test";
		};
		DB75F8791C4D215B00B7ACA8 /* hello-iosUITests */ = {
			isa = PBXNativeTarget;
			buildConfigurationList = DB75F8891C4D215B00B7ACA8 /* Build configuration list for PBXNativeTarget "hello-iosUITests" */;
			buildPhases = (
				DB75F8761C4D215B00B7ACA8 /* Sources */,
				DB75F8771C4D215B00B7ACA8 /* Frameworks */,
				DB75F8781C4D215B00B7ACA8 /* Resources */,
			);
			buildRules = (
			);
			dependencies = (
				DB75F87C1C4D215B00B7ACA8 /* PBXTargetDependency */,
			);
			name = "hello-iosUITests";
			productName = "hello-iosUITests";
			productReference = DB75F87A1C4D215B00B7ACA8 /* hello-iosUITests.xctest */;
			productType = "com.apple.product-type.bundle.ui-testing";
		};
/* End PBXNativeTarget section */

/* Begin PBXProject section */
		DB75F8531C4D215B00B7ACA8 /* Project object */ = {
			isa = PBXProject;
			attributes = {
				LastSwiftUpdateCheck = 0720;
				LastUpgradeCheck = 0720;
				ORGANIZATIONNAME = "Yuichi Murata";
				TargetAttributes = {
					DB75F85A1C4D215B00B7ACA8 = {
						CreatedOnToolsVersion = 7.2;
					};
					DB75F86E1C4D215B00B7ACA8 = {
						CreatedOnToolsVersion = 7.2;
						TestTargetID = DB75F85A1C4D215B00B7ACA8;
					};
					DB75F8791C4D215B00B7ACA8 = {
						CreatedOnToolsVersion = 7.2;
						TestTargetID = DB75F85A1C4D215B00B7ACA8;
					};
				};
			};
			buildConfigurationList = DB75F8561C4D215B00B7ACA8 /* Build configuration list for PBXProject "hello-ios" */;
			compatibilityVersion = "Xcode 3.2";
			developmentRegion = English;
			hasScannedForEncodings = 0;
			knownRegions = (
				en,
				Base,
			);
			mainGroup = DB75F8521C4D215B00B7ACA8;
			productRefGroup = DB75F85C1C4D215B00B7ACA8 /* Products */;
			projectDirPath = "";
			projectRoot = "";
			targets = (
				DB75F85A1C4D215B00B7ACA8 /* hello-ios */,
				DB75F86E1C4D215B00B7ACA8 /* hello-iosTests */,
				DB75F8791C4D215B00B7ACA8 /* hello-iosUITests */,
			);
		};
/* End PBXProject section */

/* Begin PBXResourcesBuildPhase section */
		DB75F8591C4D215B00B7ACA8 /* Resources */ = {
			isa = PBXResourcesBuildPhase;
			buildActionMask = 2147483647;
			files = (
				DB75F8691C4D215B00B7ACA8 /* LaunchScreen.storyboard in Resources */,
				DB75F8661C4D215B00B7ACA8 /* Assets.xcassets in Resources */,
				DB75F8641C4D215B00B7ACA8 /* Main.storyboard in Resources */,
			);
			runOnlyForDeploymentPostprocessing = 0;
		};
		DB75F86D1C4D215B00B7ACA8 /* Resources */ = {
			isa = PBXResourcesBuildPhase;
			buildActionMask = 2147483647;
			files = (
			);
			runOnlyForDeploymentPostprocessing = 0;
		};
		DB75F8781C4D215B00B7ACA8 /* Resources */ = {
			isa = PBXResourcesBuildPhase;
			buildActionMask = 2147483647;
			files = (
			);
			runOnlyForDeploymentPostprocessing = 0;
		};
/* End PBXResourcesBuildPhase section */

/* Begin PBXSourcesBuildPhase section */
		DB75F8571C4D215B00B7ACA8 /* Sources */ = {
			isa = PBXSourcesBuildPhase;
			buildActionMask = 2147483647;
			files = (
				DB75F8611C4D215B00B7ACA8 /* ViewController.swift in Sources */,
				DB75F85F1C4D215B00B7ACA8 /* AppDelegate.swift in Sources */,
			);
			runOnlyForDeploymentPostprocessing = 0;
		};
		DB75F86B1C4D215B00B7ACA8 /* Sources */ = {
			isa = PBXSourcesBuildPhase;
			buildActionMask = 2147483647;
			files = (
				DB75F8741C4D215B00B7ACA8 /* hello_iosTests.swift in Sources */,
			);
			runOnlyForDeploymentPostprocessing = 0;
		};
		DB75F8761C4D215B00B7ACA8 /* Sources */ = {
			isa = PBXSourcesBuildPhase;
			buildActionMask = 2147483647;
			files = (
				DB75F87F1C4D215B00B7ACA8 /* hello_iosUITests.swift in Sources */,
			);
			runOnlyForDeploymentPostprocessing = 0;
		};
/* End PBXSourcesBuildPhase section */

/* Begin PBXTargetDependency section */
		DB75F8711C4D215B00B7ACA8 /* PBXTargetDependency */ = {
			isa = PBXTargetDependency;
			target = DB75F85A1C4D215B00B7ACA8 /* hello-ios */;
			targetProxy = DB75F8701C4D215B00B7ACA8 /* PBXContainerItemProxy */;
		};
		DB75F87C1C4D215B00B7ACA8 /* PBXTargetDependency */ = {
			isa = PBXTargetDependency;
			target = DB75F85A1C4D215B00B7ACA8 /* hello-ios */;
			targetProxy = DB75F87B1C4D215B00B7ACA8 /* PBXContainerItemProxy */;
		};
/* End PBXTargetDependency section */

/* Begin PBXVariantGroup section */
		DB75F8621C4D215B00B7ACA8 /* Main.storyboard */ = {
			isa = PBXVariantGroup;
			children = (
				DB75F8631C4D215B00B7ACA8 /* Base */,
			);
			name = Main.storyboard;
			sourceTree = "<group>";
		};
		DB75F8671C4D215B00B7ACA8 /* LaunchScreen.storyboard */ = {
			isa = PBXVariantGroup;
			children = (
				DB75F8681C4D215B00B7ACA8 /* Base */,
			);
			name = LaunchScreen.storyboard;
			sourceTree = "<group>";
		};
/* End PBXVariantGroup section */

/* Begin XCBuildConfiguration section */
		DB75F8811C4D215B00B7ACA8 /* Debug */ = {
			isa = XCBuildConfiguration;
			buildSettings = {
				ALWAYS_SEARCH_USER_PATHS = NO;
				CLANG_CXX_LANGUAGE_STANDARD = "gnu++0x";
				CLANG_CXX_LIBRARY = "libc++";
				CLANG_ENABLE_MODULES = YES;
				CLANG_ENABLE_OBJC_ARC = YES;
				CLANG_WARN_BOOL_CONVERSION = YES;
				CLANG_WARN_CONSTANT_CONVERSION = YES;
				CLANG_WARN_DIRECT_OBJC_ISA_USAGE = YES_ERROR;
				CLANG_WARN_EMPTY_BODY = YES;
				CLANG_WARN_ENUM_CONVERSION = YES;
				CLANG_WARN_INT_CONVERSION = YES;
				CLANG_WARN_OBJC_ROOT_CLASS = YES_ERROR;
				CLANG_WARN_UNREACHABLE_CODE = YES;
				CLANG_WARN__DUPLICATE_METHOD_MATCH = YES;
				"CODE_SIGN_IDENTITY[sdk=iphoneos*]" = "iPhone Developer";
				COPY_PHASE_STRIP = NO;
				DEBUG_INFORMATION_FORMAT = dwarf;
				ENABLE_STRICT_OBJC_MSGSEND = YES;
				ENABLE_TESTABILITY = YES;
				GCC_C_LANGUAGE_STANDARD = gnu99;
				GCC_DYNAMIC_NO_PIC = NO;
				GCC_NO_COMMON_BLOCKS = YES;
				GCC_OPTIMIZATION_LEVEL = 0;
				GCC_PREPROCESSOR_DEFINITIONS = (
					"DEBUG=1",
					"$(inherited)",
				);
				GCC_WARN_64_TO_32_BIT_CONVERSION = YES;
				GCC_WARN_ABOUT_RETURN_TYPE = YES_ERROR;
				GCC_WARN_UNDECLARED_SELECTOR = YES;
				GCC_WARN_UNINITIALIZED_AUTOS = YES_AGGRESSIVE;
				GCC_WARN_UNUSED_FUNCTION = YES;
				GCC_WARN_UNUSED_VARIABLE = YES;
				IPHONEOS_DEPLOYMENT_TARGET = 9.2;
				MTL_ENABLE_DEBUG_INFO = YES;
				ONLY_ACTIVE_ARCH = YES;
				SDKROOT = iphoneos;
				SWIFT_OPTIMIZATION_LEVEL = "-Onone";
			};
			name = Debug;
		};
		DB75F8821C4D215B00B7ACA8 /* Release */ = {
			isa = XCBuildConfiguration;
			buildSettings = {
				ALWAYS_SEARCH_USER_PATHS = NO;
				CLANG_CXX_LANGUAGE_STANDARD = "gnu++0x";
				CLANG_CXX_LIBRARY = "libc++";
				CLANG_ENABLE_MODULES = YES;
				CLANG_ENABLE_OBJC_ARC = YES;
				CLANG_WARN_BOOL_CONVERSION = YES;
				CLANG_WARN_CONSTANT_CONVERSION = YES;
				CLANG_WARN_DIRECT_OBJC_ISA_USAGE = YES_ERROR;
				CLANG_WARN_EMPTY_BODY = YES;
				CLANG_WARN_ENUM_CONVERSION = YES;
				CLANG_WARN_INT_CONVERSION = YES;
				CLANG_WARN_OBJC_ROOT_CLASS = YES_ERROR;
				CLANG_WARN_UNREACHABLE_CODE = YES;
				CLANG_WARN__DUPLICATE_METHOD_MATCH = YES;
				"CODE_SIGN_IDENTITY[sdk=iphoneos*]" = "iPhone Developer";
				COPY_PHASE_STRIP = NO;
				DEBUG_INFORMATION_FORMAT = "dwarf-with-dsym";
				ENABLE_NS_ASSERTIONS = NO;
				ENABLE_STRICT_OBJC_MSGSEND = YES;
				GCC_C_LANGUAGE_STANDARD = gnu99;
				GCC_NO_COMMON_BLOCKS = YES;
				GCC_WARN_64_TO_32_BIT_CONVERSION = YES;
				GCC_WARN_ABOUT_RETURN_TYPE = YES_ERROR;
				GCC_WARN_UNDECLARED_SELECTOR = YES;
				GCC_WARN_UNINITIALIZED_AUTOS = YES_AGGRESSIVE;
				GCC_WARN_UNUSED_FUNCTION = YES;
				GCC_WARN_UNUSED_VARIABLE = YES;
				IPHONEOS_DEPLOYMENT_TARGET = 9.2;
				MTL_ENABLE_DEBUG_INFO = NO;
				SDKROOT = iphoneos;
				VALIDATE_PRODUCT = YES;
			};
			name = Release;
		};
		DB75F8841C4D215B00B7ACA8 /* Debug */ = {
			isa = XCBuildConfiguration;
			buildSettings = {
				ASSETCATALOG_COMPILER_APPICON_NAME = AppIcon;
				INFOPLIST_FILE = "hello-ios/Info.plist";
				LD_RUNPATH_SEARCH_PATHS = "$(inherited) @executable_path/Frameworks";
				PRODUCT_BUNDLE_IDENTIFIER = "mrk21.hello-ios";
				PRODUCT_NAME = "$(TARGET_NAME)";
			};
			name = Debug;
		};
		DB75F8851C4D215B00B7ACA8 /* Release */ = {
			isa = XCBuildConfiguration;
			buildSettings = {
				ASSETCATALOG_COMPILER_APPICON_NAME = AppIcon;
				INFOPLIST_FILE = "hello-ios/Info.plist";
				LD_RUNPATH_SEARCH_PATHS = "$(inherited) @executable_path/Frameworks";
				PRODUCT_BUNDLE_IDENTIFIER = "mrk21.hello-ios";
				PRODUCT_NAME = "$(TARGET_NAME)";
			};
			name = Release;
		};
		DB75F8871C4D215B00B7ACA8 /* Debug */ = {
			isa = XCBuildConfiguration;
			buildSettings = {
				BUNDLE_LOADER = "$(TEST_HOST)";
				INFOPLIST_FILE = "hello-iosTests/Info.plist";
				LD_RUNPATH_SEARCH_PATHS = "$(inherited) @executable_path/Frameworks @loader_path/Frameworks";
				PRODUCT_BUNDLE_IDENTIFIER = "mrk21.hello-iosTests";
				PRODUCT_NAME = "$(TARGET_NAME)";
				TEST_HOST = "$(BUILT_PRODUCTS_DIR)/hello-ios.app/hello-ios";
			};
			name = Debug;
		};
		DB75F8881C4D215B00B7ACA8 /* Release */ = {
			isa = XCBuildConfiguration;
			buildSettings = {
				BUNDLE_LOADER = "$(TEST_HOST)";
				INFOPLIST_FILE = "hello-iosTests/Info.plist";
				LD_RUNPATH_SEARCH_PATHS = "$(inherited) @executable_path/Frameworks @loader_path/Frameworks";
				PRODUCT_BUNDLE_IDENTIFIER = "mrk21.hello-iosTests";
				PRODUCT_NAME = "$(TARGET_NAME)";
				TEST_HOST = "$(BUILT_PRODUCTS_DIR)/hello-ios.app/hello-ios";
			};
			name = Release;
		};
		DB75F88A1C4D215B00B7ACA8 /* Debug */ = {
			isa = XCBuildConfiguration;
			buildSettings = {
				INFOPLIST_FILE = "hello-iosUITests/Info.plist";
				LD_RUNPATH_SEARCH_PATHS = "$(inherited) @executable_path/Frameworks @loader_path/Frameworks";
				PRODUCT_BUNDLE_IDENTIFIER = "mrk21.hello-iosUITests";
				PRODUCT_NAME = "$(TARGET_NAME)";
				TEST_TARGET_NAME = "hello-ios";
				USES_XCTRUNNER = YES;
			};
			name = Debug;
		};
		DB75F88B1C4D215B00B7ACA8 /* Release */ = {
			isa = XCBuildConfiguration;
			buildSettings = {
				INFOPLIST_FILE = "hello-iosUITests/Info.plist";
				LD_RUNPATH_SEARCH_PATHS = "$(inherited) @executable_path/Frameworks @loader_path/Frameworks";
				PRODUCT_BUNDLE_IDENTIFIER = "mrk21.hello-iosUITests";
				PRODUCT_NAME = "$(TARGET_NAME)";
				TEST_TARGET_NAME = "hello-ios";
				USES_XCTRUNNER = YES;
			};
			name = Release;
		};
/* End XCBuildConfiguration section */

/* Begin XCConfigurationList section */
		DB75F8561C4D215B00B7ACA8 /* Build configuration list for PBXProject "hello-ios" */ = {
			isa = XCConfigurationList;
			buildConfigurations = (
				DB75F8811C4D215B00B7ACA8 /* Debug */,
				DB75F8821C4D215B00B7ACA8 /* Release */,
			);
			defaultConfigurationIsVisible = 0;
			defaultConfigurationName = Release;
		};
		DB75F8831C4D215B00B7ACA8 /* Build configuration list for PBXNativeTarget "hello-ios" */ = {
			isa = XCConfigurationList;
			buildConfigurations = (
				DB75F8841C4D215B00B7ACA8 /* Debug */,
				DB75F8851C4D215B00B7ACA8 /* Release */,
			);
			defaultConfigurationIsVisible = 0;
		};
		DB75F8861C4D215B00B7ACA8 /* Build configuration list for PBXNativeTarget "hello-iosTests" */ = {
			isa = XCConfigurationList;
			buildConfigurations = (
				DB75F8871C4D215B00B7ACA8 /* Debug */,
				DB75F8881C4D215B00B7ACA8 /* Release */,
			);
			defaultConfigurationIsVisible = 0;
		};
		DB75F8891C4D215B00B7ACA8 /* Build configuration list for PBXNativeTarget "hello-iosUITests" */ = {
			isa = XCConfigurationList;
			buildConfigurations = (
				DB75F88A1C4D215B00B7ACA8 /* Debug */,
				DB75F88B1C4D215B00B7ACA8 /* Release */,
			);
			defaultConfigurationIsVisible = 0;
		};
/* End XCConfigurationList section */
	};
	rootObject = DB75F8531C4D215B00B7ACA8 /* Project object */;
}
