// !$*UTF8*$!
{
	archiveVersion = 1;
	classes = {
	};
	objectVersion = 46;
	objects = {

/* Begin PBXBuildFile section */
		DB7B90FB1C4E831D00E90E96 /* AppDelegate.swift in Sources */ = {isa = PBXBuildFile; fileRef = DB7B90FA1C4E831D00E90E96 /* AppDelegate.swift */; };
		DB7B90FD1C4E831D00E90E96 /* ViewController.swift in Sources */ = {isa = PBXBuildFile; fileRef = DB7B90FC1C4E831D00E90E96 /* ViewController.swift */; };
		DB7B91001C4E831D00E90E96 /* Main.storyboard in Resources */ = {isa = PBXBuildFile; fileRef = DB7B90FE1C4E831D00E90E96 /* Main.storyboard */; };
		DB7B91021C4E831D00E90E96 /* Assets.xcassets in Resources */ = {isa = PBXBuildFile; fileRef = DB7B91011C4E831D00E90E96 /* Assets.xcassets */; };
		DB7B91051C4E831D00E90E96 /* LaunchScreen.storyboard in Resources */ = {isa = PBXBuildFile; fileRef = DB7B91031C4E831D00E90E96 /* LaunchScreen.storyboard */; };
		DB7B91101C4E831D00E90E96 /* ios_hello_worldTests.swift in Sources */ = {isa = PBXBuildFile; fileRef = DB7B910F1C4E831D00E90E96 /* ios_hello_worldTests.swift */; };
		DB7B911B1C4E831D00E90E96 /* ios_hello_worldUITests.swift in Sources */ = {isa = PBXBuildFile; fileRef = DB7B911A1C4E831D00E90E96 /* ios_hello_worldUITests.swift */; };
/* End PBXBuildFile section */

/* Begin PBXContainerItemProxy section */
		DB7B910C1C4E831D00E90E96 /* PBXContainerItemProxy */ = {
			isa = PBXContainerItemProxy;
			containerPortal = DB7B90EF1C4E831D00E90E96 /* Project object */;
			proxyType = 1;
			remoteGlobalIDString = DB7B90F61C4E831D00E90E96;
			remoteInfo = ios_hello_world;
		};
		DB7B91171C4E831D00E90E96 /* PBXContainerItemProxy */ = {
			isa = PBXContainerItemProxy;
			containerPortal = DB7B90EF1C4E831D00E90E96 /* Project object */;
			proxyType = 1;
			remoteGlobalIDString = DB7B90F61C4E831D00E90E96;
			remoteInfo = ios_hello_world;
		};
/* End PBXContainerItemProxy section */

/* Begin PBXFileReference section */
		DB7B90F71C4E831D00E90E96 /* ios_hello_world.app */ = {isa = PBXFileReference; explicitFileType = wrapper.application; includeInIndex = 0; path = ios_hello_world.app; sourceTree = BUILT_PRODUCTS_DIR; };
		DB7B90FA1C4E831D00E90E96 /* AppDelegate.swift */ = {isa = PBXFileReference; lastKnownFileType = sourcecode.swift; path = AppDelegate.swift; sourceTree = "<group>"; };
		DB7B90FC1C4E831D00E90E96 /* ViewController.swift */ = {isa = PBXFileReference; lastKnownFileType = sourcecode.swift; path = ViewController.swift; sourceTree = "<group>"; };
		DB7B90FF1C4E831D00E90E96 /* Base */ = {isa = PBXFileReference; lastKnownFileType = file.storyboard; name = Base; path = Base.lproj/Main.storyboard; sourceTree = "<group>"; };
		DB7B91011C4E831D00E90E96 /* Assets.xcassets */ = {isa = PBXFileReference; lastKnownFileType = folder.assetcatalog; path = Assets.xcassets; sourceTree = "<group>"; };
		DB7B91041C4E831D00E90E96 /* Base */ = {isa = PBXFileReference; lastKnownFileType = file.storyboard; name = Base; path = Base.lproj/LaunchScreen.storyboard; sourceTree = "<group>"; };
		DB7B91061C4E831D00E90E96 /* Info.plist */ = {isa = PBXFileReference; lastKnownFileType = text.plist.xml; path = Info.plist; sourceTree = "<group>"; };
		DB7B910B1C4E831D00E90E96 /* ios_hello_worldTests.xctest */ = {isa = PBXFileReference; explicitFileType = wrapper.cfbundle; includeInIndex = 0; path = ios_hello_worldTests.xctest; sourceTree = BUILT_PRODUCTS_DIR; };
		DB7B910F1C4E831D00E90E96 /* ios_hello_worldTests.swift */ = {isa = PBXFileReference; lastKnownFileType = sourcecode.swift; path = ios_hello_worldTests.swift; sourceTree = "<group>"; };
		DB7B91111C4E831D00E90E96 /* Info.plist */ = {isa = PBXFileReference; lastKnownFileType = text.plist.xml; path = Info.plist; sourceTree = "<group>"; };
		DB7B91161C4E831D00E90E96 /* ios_hello_worldUITests.xctest */ = {isa = PBXFileReference; explicitFileType = wrapper.cfbundle; includeInIndex = 0; path = ios_hello_worldUITests.xctest; sourceTree = BUILT_PRODUCTS_DIR; };
		DB7B911A1C4E831D00E90E96 /* ios_hello_worldUITests.swift */ = {isa = PBXFileReference; lastKnownFileType = sourcecode.swift; path = ios_hello_worldUITests.swift; sourceTree = "<group>"; };
		DB7B911C1C4E831D00E90E96 /* Info.plist */ = {isa = PBXFileReference; lastKnownFileType = text.plist.xml; path = Info.plist; sourceTree = "<group>"; };
/* End PBXFileReference section */

/* Begin PBXFrameworksBuildPhase section */
		DB7B90F41C4E831D00E90E96 /* Frameworks */ = {
			isa = PBXFrameworksBuildPhase;
			buildActionMask = 2147483647;
			files = (
			);
			runOnlyForDeploymentPostprocessing = 0;
		};
		DB7B91081C4E831D00E90E96 /* Frameworks */ = {
			isa = PBXFrameworksBuildPhase;
			buildActionMask = 2147483647;
			files = (
			);
			runOnlyForDeploymentPostprocessing = 0;
		};
		DB7B91131C4E831D00E90E96 /* Frameworks */ = {
			isa = PBXFrameworksBuildPhase;
			buildActionMask = 2147483647;
			files = (
			);
			runOnlyForDeploymentPostprocessing = 0;
		};
/* End PBXFrameworksBuildPhase section */

/* Begin PBXGroup section */
		DB7B90EE1C4E831D00E90E96 = {
			isa = PBXGroup;
			children = (
				DB7B90F91C4E831D00E90E96 /* ios_hello_world */,
				DB7B910E1C4E831D00E90E96 /* ios_hello_worldTests */,
				DB7B91191C4E831D00E90E96 /* ios_hello_worldUITests */,
				DB7B90F81C4E831D00E90E96 /* Products */,
			);
			sourceTree = "<group>";
		};
		DB7B90F81C4E831D00E90E96 /* Products */ = {
			isa = PBXGroup;
			children = (
				DB7B90F71C4E831D00E90E96 /* ios_hello_world.app */,
				DB7B910B1C4E831D00E90E96 /* ios_hello_worldTests.xctest */,
				DB7B91161C4E831D00E90E96 /* ios_hello_worldUITests.xctest */,
			);
			name = Products;
			sourceTree = "<group>";
		};
		DB7B90F91C4E831D00E90E96 /* ios_hello_world */ = {
			isa = PBXGroup;
			children = (
				DB7B90FA1C4E831D00E90E96 /* AppDelegate.swift */,
				DB7B90FC1C4E831D00E90E96 /* ViewController.swift */,
				DB7B90FE1C4E831D00E90E96 /* Main.storyboard */,
				DB7B91011C4E831D00E90E96 /* Assets.xcassets */,
				DB7B91031C4E831D00E90E96 /* LaunchScreen.storyboard */,
				DB7B91061C4E831D00E90E96 /* Info.plist */,
			);
			path = ios_hello_world;
			sourceTree = "<group>";
		};
		DB7B910E1C4E831D00E90E96 /* ios_hello_worldTests */ = {
			isa = PBXGroup;
			children = (
				DB7B910F1C4E831D00E90E96 /* ios_hello_worldTests.swift */,
				DB7B91111C4E831D00E90E96 /* Info.plist */,
			);
			path = ios_hello_worldTests;
			sourceTree = "<group>";
		};
		DB7B91191C4E831D00E90E96 /* ios_hello_worldUITests */ = {
			isa = PBXGroup;
			children = (
				DB7B911A1C4E831D00E90E96 /* ios_hello_worldUITests.swift */,
				DB7B911C1C4E831D00E90E96 /* Info.plist */,
			);
			path = ios_hello_worldUITests;
			sourceTree = "<group>";
		};
/* End PBXGroup section */

/* Begin PBXNativeTarget section */
		DB7B90F61C4E831D00E90E96 /* ios_hello_world */ = {
			isa = PBXNativeTarget;
			buildConfigurationList = DB7B911F1C4E831D00E90E96 /* Build configuration list for PBXNativeTarget "ios_hello_world" */;
			buildPhases = (
				DB7B90F31C4E831D00E90E96 /* Sources */,
				DB7B90F41C4E831D00E90E96 /* Frameworks */,
				DB7B90F51C4E831D00E90E96 /* Resources */,
			);
			buildRules = (
			);
			dependencies = (
			);
			name = ios_hello_world;
			productName = ios_hello_world;
			productReference = DB7B90F71C4E831D00E90E96 /* ios_hello_world.app */;
			productType = "com.apple.product-type.application";
		};
		DB7B910A1C4E831D00E90E96 /* ios_hello_worldTests */ = {
			isa = PBXNativeTarget;
			buildConfigurationList = DB7B91221C4E831D00E90E96 /* Build configuration list for PBXNativeTarget "ios_hello_worldTests" */;
			buildPhases = (
				DB7B91071C4E831D00E90E96 /* Sources */,
				DB7B91081C4E831D00E90E96 /* Frameworks */,
				DB7B91091C4E831D00E90E96 /* Resources */,
			);
			buildRules = (
			);
			dependencies = (
				DB7B910D1C4E831D00E90E96 /* PBXTargetDependency */,
			);
			name = ios_hello_worldTests;
			productName = ios_hello_worldTests;
			productReference = DB7B910B1C4E831D00E90E96 /* ios_hello_worldTests.xctest */;
			productType = "com.apple.product-type.bundle.unit-test";
		};
		DB7B91151C4E831D00E90E96 /* ios_hello_worldUITests */ = {
			isa = PBXNativeTarget;
			buildConfigurationList = DB7B91251C4E831D00E90E96 /* Build configuration list for PBXNativeTarget "ios_hello_worldUITests" */;
			buildPhases = (
				DB7B91121C4E831D00E90E96 /* Sources */,
				DB7B91131C4E831D00E90E96 /* Frameworks */,
				DB7B91141C4E831D00E90E96 /* Resources */,
			);
			buildRules = (
			);
			dependencies = (
				DB7B91181C4E831D00E90E96 /* PBXTargetDependency */,
			);
			name = ios_hello_worldUITests;
			productName = ios_hello_worldUITests;
			productReference = DB7B91161C4E831D00E90E96 /* ios_hello_worldUITests.xctest */;
			productType = "com.apple.product-type.bundle.ui-testing";
		};
/* End PBXNativeTarget section */

/* Begin PBXProject section */
		DB7B90EF1C4E831D00E90E96 /* Project object */ = {
			isa = PBXProject;
			attributes = {
				LastSwiftUpdateCheck = 0720;
				LastUpgradeCheck = 0720;
				ORGANIZATIONNAME = "Yuichi Murata";
				TargetAttributes = {
					DB7B90F61C4E831D00E90E96 = {
						CreatedOnToolsVersion = 7.2;
					};
					DB7B910A1C4E831D00E90E96 = {
						CreatedOnToolsVersion = 7.2;
						TestTargetID = DB7B90F61C4E831D00E90E96;
					};
					DB7B91151C4E831D00E90E96 = {
						CreatedOnToolsVersion = 7.2;
						TestTargetID = DB7B90F61C4E831D00E90E96;
					};
				};
			};
			buildConfigurationList = DB7B90F21C4E831D00E90E96 /* Build configuration list for PBXProject "ios_hello_world" */;
			compatibilityVersion = "Xcode 3.2";
			developmentRegion = English;
			hasScannedForEncodings = 0;
			knownRegions = (
				en,
				Base,
			);
			mainGroup = DB7B90EE1C4E831D00E90E96;
			productRefGroup = DB7B90F81C4E831D00E90E96 /* Products */;
			projectDirPath = "";
			projectRoot = "";
			targets = (
				DB7B90F61C4E831D00E90E96 /* ios_hello_world */,
				DB7B910A1C4E831D00E90E96 /* ios_hello_worldTests */,
				DB7B91151C4E831D00E90E96 /* ios_hello_worldUITests */,
			);
		};
/* End PBXProject section */

/* Begin PBXResourcesBuildPhase section */
		DB7B90F51C4E831D00E90E96 /* Resources */ = {
			isa = PBXResourcesBuildPhase;
			buildActionMask = 2147483647;
			files = (
				DB7B91051C4E831D00E90E96 /* LaunchScreen.storyboard in Resources */,
				DB7B91021C4E831D00E90E96 /* Assets.xcassets in Resources */,
				DB7B91001C4E831D00E90E96 /* Main.storyboard in Resources */,
			);
			runOnlyForDeploymentPostprocessing = 0;
		};
		DB7B91091C4E831D00E90E96 /* Resources */ = {
			isa = PBXResourcesBuildPhase;
			buildActionMask = 2147483647;
			files = (
			);
			runOnlyForDeploymentPostprocessing = 0;
		};
		DB7B91141C4E831D00E90E96 /* Resources */ = {
			isa = PBXResourcesBuildPhase;
			buildActionMask = 2147483647;
			files = (
			);
			runOnlyForDeploymentPostprocessing = 0;
		};
/* End PBXResourcesBuildPhase section */

/* Begin PBXSourcesBuildPhase section */
		DB7B90F31C4E831D00E90E96 /* Sources */ = {
			isa = PBXSourcesBuildPhase;
			buildActionMask = 2147483647;
			files = (
				DB7B90FD1C4E831D00E90E96 /* ViewController.swift in Sources */,
				DB7B90FB1C4E831D00E90E96 /* AppDelegate.swift in Sources */,
			);
			runOnlyForDeploymentPostprocessing = 0;
		};
		DB7B91071C4E831D00E90E96 /* Sources */ = {
			isa = PBXSourcesBuildPhase;
			buildActionMask = 2147483647;
			files = (
				DB7B91101C4E831D00E90E96 /* ios_hello_worldTests.swift in Sources */,
			);
			runOnlyForDeploymentPostprocessing = 0;
		};
		DB7B91121C4E831D00E90E96 /* Sources */ = {
			isa = PBXSourcesBuildPhase;
			buildActionMask = 2147483647;
			files = (
				DB7B911B1C4E831D00E90E96 /* ios_hello_worldUITests.swift in Sources */,
			);
			runOnlyForDeploymentPostprocessing = 0;
		};
/* End PBXSourcesBuildPhase section */

/* Begin PBXTargetDependency section */
		DB7B910D1C4E831D00E90E96 /* PBXTargetDependency */ = {
			isa = PBXTargetDependency;
			target = DB7B90F61C4E831D00E90E96 /* ios_hello_world */;
			targetProxy = DB7B910C1C4E831D00E90E96 /* PBXContainerItemProxy */;
		};
		DB7B91181C4E831D00E90E96 /* PBXTargetDependency */ = {
			isa = PBXTargetDependency;
			target = DB7B90F61C4E831D00E90E96 /* ios_hello_world */;
			targetProxy = DB7B91171C4E831D00E90E96 /* PBXContainerItemProxy */;
		};
/* End PBXTargetDependency section */

/* Begin PBXVariantGroup section */
		DB7B90FE1C4E831D00E90E96 /* Main.storyboard */ = {
			isa = PBXVariantGroup;
			children = (
				DB7B90FF1C4E831D00E90E96 /* Base */,
			);
			name = Main.storyboard;
			sourceTree = "<group>";
		};
		DB7B91031C4E831D00E90E96 /* LaunchScreen.storyboard */ = {
			isa = PBXVariantGroup;
			children = (
				DB7B91041C4E831D00E90E96 /* Base */,
			);
			name = LaunchScreen.storyboard;
			sourceTree = "<group>";
		};
/* End PBXVariantGroup section */

/* Begin XCBuildConfiguration section */
		DB7B911D1C4E831D00E90E96 /* Debug */ = {
			isa = XCBuildConfiguration;
			buildSettings = {
				ALWAYS_SEARCH_USER_PATHS = NO;
				CLANG_CXX_LANGUAGE_STANDARD = "gnu++0x";
				CLANG_CXX_LIBRARY = "libc++";
				CLANG_ENABLE_MODULES = YES;
				CLANG_ENABLE_OBJC_ARC = YES;
				CLANG_WARN_BOOL_CONVERSION = YES;
				CLANG_WARN_CONSTANT_CONVERSION = YES;
				CLANG_WARN_DIRECT_OBJC_ISA_USAGE = YES_ERROR;
				CLANG_WARN_EMPTY_BODY = YES;
				CLANG_WARN_ENUM_CONVERSION = YES;
				CLANG_WARN_INT_CONVERSION = YES;
				CLANG_WARN_OBJC_ROOT_CLASS = YES_ERROR;
				CLANG_WARN_UNREACHABLE_CODE = YES;
				CLANG_WARN__DUPLICATE_METHOD_MATCH = YES;
				"CODE_SIGN_IDENTITY[sdk=iphoneos*]" = "iPhone Developer";
				COPY_PHASE_STRIP = NO;
				DEBUG_INFORMATION_FORMAT = dwarf;
				ENABLE_STRICT_OBJC_MSGSEND = YES;
				ENABLE_TESTABILITY = YES;
				GCC_C_LANGUAGE_STANDARD = gnu99;
				GCC_DYNAMIC_NO_PIC = NO;
				GCC_NO_COMMON_BLOCKS = YES;
				GCC_OPTIMIZATION_LEVEL = 0;
				GCC_PREPROCESSOR_DEFINITIONS = (
					"DEBUG=1",
					"$(inherited)",
				);
				GCC_WARN_64_TO_32_BIT_CONVERSION = YES;
				GCC_WARN_ABOUT_RETURN_TYPE = YES_ERROR;
				GCC_WARN_UNDECLARED_SELECTOR = YES;
				GCC_WARN_UNINITIALIZED_AUTOS = YES_AGGRESSIVE;
				GCC_WARN_UNUSED_FUNCTION = YES;
				GCC_WARN_UNUSED_VARIABLE = YES;
				IPHONEOS_DEPLOYMENT_TARGET = 9.2;
				MTL_ENABLE_DEBUG_INFO = YES;
				ONLY_ACTIVE_ARCH = YES;
				SDKROOT = iphoneos;
				SWIFT_OPTIMIZATION_LEVEL = "-Onone";
			};
			name = Debug;
		};
		DB7B911E1C4E831D00E90E96 /* Release */ = {
			isa = XCBuildConfiguration;
			buildSettings = {
				ALWAYS_SEARCH_USER_PATHS = NO;
				CLANG_CXX_LANGUAGE_STANDARD = "gnu++0x";
				CLANG_CXX_LIBRARY = "libc++";
				CLANG_ENABLE_MODULES = YES;
				CLANG_ENABLE_OBJC_ARC = YES;
				CLANG_WARN_BOOL_CONVERSION = YES;
				CLANG_WARN_CONSTANT_CONVERSION = YES;
				CLANG_WARN_DIRECT_OBJC_ISA_USAGE = YES_ERROR;
				CLANG_WARN_EMPTY_BODY = YES;
				CLANG_WARN_ENUM_CONVERSION = YES;
				CLANG_WARN_INT_CONVERSION = YES;
				CLANG_WARN_OBJC_ROOT_CLASS = YES_ERROR;
				CLANG_WARN_UNREACHABLE_CODE = YES;
				CLANG_WARN__DUPLICATE_METHOD_MATCH = YES;
				"CODE_SIGN_IDENTITY[sdk=iphoneos*]" = "iPhone Developer";
				COPY_PHASE_STRIP = NO;
				DEBUG_INFORMATION_FORMAT = "dwarf-with-dsym";
				ENABLE_NS_ASSERTIONS = NO;
				ENABLE_STRICT_OBJC_MSGSEND = YES;
				GCC_C_LANGUAGE_STANDARD = gnu99;
				GCC_NO_COMMON_BLOCKS = YES;
				GCC_WARN_64_TO_32_BIT_CONVERSION = YES;
				GCC_WARN_ABOUT_RETURN_TYPE = YES_ERROR;
				GCC_WARN_UNDECLARED_SELECTOR = YES;
				GCC_WARN_UNINITIALIZED_AUTOS = YES_AGGRESSIVE;
				GCC_WARN_UNUSED_FUNCTION = YES;
				GCC_WARN_UNUSED_VARIABLE = YES;
				IPHONEOS_DEPLOYMENT_TARGET = 9.2;
				MTL_ENABLE_DEBUG_INFO = NO;
				SDKROOT = iphoneos;
				VALIDATE_PRODUCT = YES;
			};
			name = Release;
		};
		DB7B91201C4E831D00E90E96 /* Debug */ = {
			isa = XCBuildConfiguration;
			buildSettings = {
				ASSETCATALOG_COMPILER_APPICON_NAME = AppIcon;
				INFOPLIST_FILE = ios_hello_world/Info.plist;
				LD_RUNPATH_SEARCH_PATHS = "$(inherited) @executable_path/Frameworks";
				PRODUCT_BUNDLE_IDENTIFIER = "mrk21.ios-hello-world";
				PRODUCT_NAME = "$(TARGET_NAME)";
			};
			name = Debug;
		};
		DB7B91211C4E831D00E90E96 /* Release */ = {
			isa = XCBuildConfiguration;
			buildSettings = {
				ASSETCATALOG_COMPILER_APPICON_NAME = AppIcon;
				INFOPLIST_FILE = ios_hello_world/Info.plist;
				LD_RUNPATH_SEARCH_PATHS = "$(inherited) @executable_path/Frameworks";
				PRODUCT_BUNDLE_IDENTIFIER = "mrk21.ios-hello-world";
				PRODUCT_NAME = "$(TARGET_NAME)";
			};
			name = Release;
		};
		DB7B91231C4E831D00E90E96 /* Debug */ = {
			isa = XCBuildConfiguration;
			buildSettings = {
				BUNDLE_LOADER = "$(TEST_HOST)";
				INFOPLIST_FILE = ios_hello_worldTests/Info.plist;
				LD_RUNPATH_SEARCH_PATHS = "$(inherited) @executable_path/Frameworks @loader_path/Frameworks";
				PRODUCT_BUNDLE_IDENTIFIER = "mrk21.ios-hello-worldTests";
				PRODUCT_NAME = "$(TARGET_NAME)";
				TEST_HOST = "$(BUILT_PRODUCTS_DIR)/ios_hello_world.app/ios_hello_world";
			};
			name = Debug;
		};
		DB7B91241C4E831D00E90E96 /* Release */ = {
			isa = XCBuildConfiguration;
			buildSettings = {
				BUNDLE_LOADER = "$(TEST_HOST)";
				INFOPLIST_FILE = ios_hello_worldTests/Info.plist;
				LD_RUNPATH_SEARCH_PATHS = "$(inherited) @executable_path/Frameworks @loader_path/Frameworks";
				PRODUCT_BUNDLE_IDENTIFIER = "mrk21.ios-hello-worldTests";
				PRODUCT_NAME = "$(TARGET_NAME)";
				TEST_HOST = "$(BUILT_PRODUCTS_DIR)/ios_hello_world.app/ios_hello_world";
			};
			name = Release;
		};
		DB7B91261C4E831D00E90E96 /* Debug */ = {
			isa = XCBuildConfiguration;
			buildSettings = {
				INFOPLIST_FILE = ios_hello_worldUITests/Info.plist;
				LD_RUNPATH_SEARCH_PATHS = "$(inherited) @executable_path/Frameworks @loader_path/Frameworks";
				PRODUCT_BUNDLE_IDENTIFIER = "mrk21.ios-hello-worldUITests";
				PRODUCT_NAME = "$(TARGET_NAME)";
				TEST_TARGET_NAME = ios_hello_world;
				USES_XCTRUNNER = YES;
			};
			name = Debug;
		};
		DB7B91271C4E831D00E90E96 /* Release */ = {
			isa = XCBuildConfiguration;
			buildSettings = {
				INFOPLIST_FILE = ios_hello_worldUITests/Info.plist;
				LD_RUNPATH_SEARCH_PATHS = "$(inherited) @executable_path/Frameworks @loader_path/Frameworks";
				PRODUCT_BUNDLE_IDENTIFIER = "mrk21.ios-hello-worldUITests";
				PRODUCT_NAME = "$(TARGET_NAME)";
				TEST_TARGET_NAME = ios_hello_world;
				USES_XCTRUNNER = YES;
			};
			name = Release;
		};
/* End XCBuildConfiguration section */

/* Begin XCConfigurationList section */
		DB7B90F21C4E831D00E90E96 /* Build configuration list for PBXProject "ios_hello_world" */ = {
			isa = XCConfigurationList;
			buildConfigurations = (
				DB7B911D1C4E831D00E90E96 /* Debug */,
				DB7B911E1C4E831D00E90E96 /* Release */,
			);
			defaultConfigurationIsVisible = 0;
			defaultConfigurationName = Release;
		};
		DB7B911F1C4E831D00E90E96 /* Build configuration list for PBXNativeTarget "ios_hello_world" */ = {
			isa = XCConfigurationList;
			buildConfigurations = (
				DB7B91201C4E831D00E90E96 /* Debug */,
				DB7B91211C4E831D00E90E96 /* Release */,
			);
			defaultConfigurationIsVisible = 0;
		};
		DB7B91221C4E831D00E90E96 /* Build configuration list for PBXNativeTarget "ios_hello_worldTests" */ = {
			isa = XCConfigurationList;
			buildConfigurations = (
				DB7B91231C4E831D00E90E96 /* Debug */,
				DB7B91241C4E831D00E90E96 /* Release */,
			);
			defaultConfigurationIsVisible = 0;
		};
		DB7B91251C4E831D00E90E96 /* Build configuration list for PBXNativeTarget "ios_hello_worldUITests" */ = {
			isa = XCConfigurationList;
			buildConfigurations = (
				DB7B91261C4E831D00E90E96 /* Debug */,
				DB7B91271C4E831D00E90E96 /* Release */,
			);
			defaultConfigurationIsVisible = 0;
		};
/* End XCConfigurationList section */
	};
	rootObject = DB7B90EF1C4E831D00E90E96 /* Project object */;
}
